
Microsoft Visual Studio Solution File, Format Version 12.00
# Visual Studio Version 17
VisualStudioVersion = 17.14.36511.14 d17.14
MinimumVisualStudioVersion = 10.0.40219.1
Project("{FAE04EC0-301F-11D3-BF4B-00C04F79EFBC}") = "Assignment 4.1.2", "Assignment 4.1.2.csproj", "{7DC71A30-81F9-4DBE-8CBC-10BF364DCA0D}"
EndProject
Global
	GlobalSection(SolutionConfigurationPlatforms) = preSolution
		Debug|Any CPU = Debug|Any CPU
		Release|Any CPU = Release|Any CPU
	EndGlobalSection
	GlobalSection(ProjectConfigurationPlatforms) = postSolution
		{7DC71A30-81F9-4DBE-8CBC-10BF364DCA0D}.Debug|Any CPU.ActiveCfg = Debug|Any CPU
		{7DC71A30-81F9-4DBE-8CBC-10BF364DCA0D}.Debug|Any CPU.Build.0 = Debug|Any CPU
		{7DC71A30-81F9-4DBE-8CBC-10BF364DCA0D}.Release|Any CPU.ActiveCfg = Release|Any CPU
		{7DC71A30-81F9-4DBE-8CBC-10BF364DCA0D}.Release|Any CPU.Build.0 = Release|Any CPU
	EndGlobalSection
	GlobalSection(SolutionProperties) = preSolution
		HideSolutionNode = FALSE
	EndGlobalSection
	GlobalSection(ExtensibilityGlobals) = postSolution
		SolutionGuid = {105DE621-45C4-46CC-A72E-6D5ADF6291D1}
	EndGlobalSection
EndGlobal
